<?xml version="1.0" encoding="utf-8"?>
<Project ToolsVersion="4.0" xmlns="http://schemas.microsoft.com/developer/msbuild/2003">
  <ItemGroup>
    <Filter Include="Code">
      <UniqueIdentifier>{581cbf09-a67e-4217-9543-49430390d3cb}</UniqueIdentifier>
    </Filter>
    <Filter Include="Code\Window">
      <UniqueIdentifier>{ad961b5a-d435-4340-bc03-0ceadf87dc9c}</UniqueIdentifier>
    </Filter>
    <Filter Include="Code\Render">
      <UniqueIdentifier>{63a4716a-2733-43df-9578-d949b90b3b8c}</UniqueIdentifier>
    </Filter>
    <Filter Include="Shaders">
      <UniqueIdentifier>{83c70ca7-4092-4497-9a57-de062d8016ab}</UniqueIdentifier>
    </Filter>
    <Filter Include="Code\Render\ResourceManager">
      <UniqueIdentifier>{e91b306c-5cd0-4a4c-8bf2-7d8d2a3aa08e}</UniqueIdentifier>
    </Filter>
    <Filter Include="Code\Render\ResourceManager\Support">
      <UniqueIdentifier>{ce0270e8-b11d-42c7-9772-95cf2808f215}</UniqueIdentifier>
    </Filter>
    <Filter Include="Code\Render\ResourceManager\MemoryManager">
      <UniqueIdentifier>{78a5d4e5-b594-4661-a479-8e2faf05ddeb}</UniqueIdentifier>
    </Filter>
    <Filter Include="Code\Render\ResourceManager\Loader">
      <UniqueIdentifier>{753e5344-de46-481d-b318-1c0e293a1a43}</UniqueIdentifier>
    </Filter>
    <Filter Include="Code\Input">
      <UniqueIdentifier>{22485cb1-109e-4a28-9767-837447452548}</UniqueIdentifier>
    </Filter>
    <Filter Include="Code\Render\ResourceManager\GameObjects">
      <UniqueIdentifier>{f35ff16b-17e0-4883-a20b-39146a388319}</UniqueIdentifier>
    </Filter>
    <Filter Include="Code\Physics">
      <UniqueIdentifier>{07c8fd67-4acf-49c7-ac82-f207acd662ee}</UniqueIdentifier>
    </Filter>
    <Filter Include="Code\Sound">
      <UniqueIdentifier>{db9096b7-0165-4e13-ae45-4667237006f0}</UniqueIdentifier>
    </Filter>
    <Filter Include="Code\Game">
      <UniqueIdentifier>{29228f0a-b5fe-40c2-8fc2-5cc5c3c307df}</UniqueIdentifier>
    </Filter>
  </ItemGroup>
  <ItemGroup>
    <ClCompile Include="Code\Main.cpp">
      <Filter>Code</Filter>
    </ClCompile>
    <ClCompile Include="Code\Window\OPTada_Window.cpp">
      <Filter>Code\Window</Filter>
    </ClCompile>
    <ClCompile Include="Code\Render\OPTada_Render.cpp">
      <Filter>Code\Render</Filter>
    </ClCompile>
    <ClCompile Include="Code\Render\ResourceManager\OPTadaC_ResourceManager.cpp">
      <Filter>Code\Render\ResourceManager</Filter>
    </ClCompile>
    <ClCompile Include="Code\Render\ResourceManager\MamoryManager_x64\OPTada_MemoryManager.cpp">
      <Filter>Code\Render\ResourceManager\MemoryManager</Filter>
    </ClCompile>
    <ClCompile Include="Code\Render\ResourceManager\MamoryManager_x64\SupportBuffers\OPTadaC_MultithreadedSimpleMemoryBuffer.cpp">
      <Filter>Code\Render\ResourceManager\MemoryManager</Filter>
    </ClCompile>
    <ClCompile Include="Code\Render\ResourceManager\MamoryManager_x64\SupportBuffers\OPTadaC_SimpleMemoryBuffer.cpp">
      <Filter>Code\Render\ResourceManager\MemoryManager</Filter>
    </ClCompile>
    <ClCompile Include="Code\Render\ResourceManager\MamoryManager_x64\SupportBuffers\CellBuffer\OPTadaC_MemoryCells_StaticCyclicBuffer.cpp">
      <Filter>Code\Render\ResourceManager\MemoryManager</Filter>
    </ClCompile>
    <ClCompile Include="Code\Render\ResourceManager\WICTextureLoader11.cpp">
      <Filter>Code\Render\ResourceManager\Loader</Filter>
    </ClCompile>
    <ClCompile Include="Code\Input\OPTada_Input.cpp">
      <Filter>Code\Input</Filter>
    </ClCompile>
    <ClCompile Include="Code\Sound\include\soloud.cpp">
      <Filter>Code\Sound</Filter>
    </ClCompile>
    <ClCompile Include="Code\Sound\include\soloud_audiosource.cpp">
      <Filter>Code\Sound</Filter>
    </ClCompile>
    <ClCompile Include="Code\Sound\include\soloud_bus.cpp">
      <Filter>Code\Sound</Filter>
    </ClCompile>
    <ClCompile Include="Code\Sound\include\soloud_core_3d.cpp">
      <Filter>Code\Sound</Filter>
    </ClCompile>
    <ClCompile Include="Code\Sound\include\soloud_core_basicops.cpp">
      <Filter>Code\Sound</Filter>
    </ClCompile>
    <ClCompile Include="Code\Sound\include\soloud_core_faderops.cpp">
      <Filter>Code\Sound</Filter>
    </ClCompile>
    <ClCompile Include="Code\Sound\include\soloud_core_filterops.cpp">
      <Filter>Code\Sound</Filter>
    </ClCompile>
    <ClCompile Include="Code\Sound\include\soloud_core_getters.cpp">
      <Filter>Code\Sound</Filter>
    </ClCompile>
    <ClCompile Include="Code\Sound\include\soloud_core_setters.cpp">
      <Filter>Code\Sound</Filter>
    </ClCompile>
    <ClCompile Include="Code\Sound\include\soloud_core_voicegroup.cpp">
      <Filter>Code\Sound</Filter>
    </ClCompile>
    <ClCompile Include="Code\Sound\include\soloud_core_voiceops.cpp">
      <Filter>Code\Sound</Filter>
    </ClCompile>
    <ClCompile Include="Code\Sound\include\soloud_fader.cpp">
      <Filter>Code\Sound</Filter>
    </ClCompile>
    <ClCompile Include="Code\Sound\include\soloud_fft.cpp">
      <Filter>Code\Sound</Filter>
    </ClCompile>
    <ClCompile Include="Code\Sound\include\soloud_fft_lut.cpp">
      <Filter>Code\Sound</Filter>
    </ClCompile>
    <ClCompile Include="Code\Sound\include\soloud_file.cpp">
      <Filter>Code\Sound</Filter>
    </ClCompile>
    <ClCompile Include="Code\Sound\include\soloud_filter.cpp">
      <Filter>Code\Sound</Filter>
    </ClCompile>
    <ClCompile Include="Code\Sound\include\soloud_misc.cpp">
      <Filter>Code\Sound</Filter>
    </ClCompile>
    <ClCompile Include="Code\Sound\include\soloud_queue.cpp">
      <Filter>Code\Sound</Filter>
    </ClCompile>
    <ClCompile Include="Code\Sound\include\soloud_thread.cpp">
      <Filter>Code\Sound</Filter>
    </ClCompile>
    <ClCompile Include="Code\Sound\include\soloud_alsa.cpp">
      <Filter>Code\Sound</Filter>
    </ClCompile>
    <ClCompile Include="Code\Sound\include\soloud_coreaudio.cpp">
      <Filter>Code\Sound</Filter>
    </ClCompile>
    <ClCompile Include="Code\Sound\include\soloud_jack.cpp">
      <Filter>Code\Sound</Filter>
    </ClCompile>
    <ClCompile Include="Code\Sound\include\soloud_miniaudio.cpp">
      <Filter>Code\Sound</Filter>
    </ClCompile>
    <ClCompile Include="Code\Sound\include\soloud_nosound.cpp">
      <Filter>Code\Sound</Filter>
    </ClCompile>
    <ClCompile Include="Code\Sound\include\soloud_null.cpp">
      <Filter>Code\Sound</Filter>
    </ClCompile>
    <ClCompile Include="Code\Sound\include\soloud_openal.cpp">
      <Filter>Code\Sound</Filter>
    </ClCompile>
    <ClCompile Include="Code\Sound\include\soloud_openal_dll.c">
      <Filter>Code\Sound</Filter>
    </ClCompile>
    <ClCompile Include="Code\Sound\include\soloud_opensles.cpp">
      <Filter>Code\Sound</Filter>
    </ClCompile>
    <ClCompile Include="Code\Sound\include\soloud_oss.cpp">
      <Filter>Code\Sound</Filter>
    </ClCompile>
    <ClCompile Include="Code\Sound\include\soloud_portaudio.cpp">
      <Filter>Code\Sound</Filter>
    </ClCompile>
    <ClCompile Include="Code\Sound\include\soloud_portaudio_dll.c">
      <Filter>Code\Sound</Filter>
    </ClCompile>
    <ClCompile Include="Code\Sound\include\soloud_sdl_static.cpp">
      <Filter>Code\Sound</Filter>
    </ClCompile>
    <ClCompile Include="Code\Sound\include\soloud_sdl1.cpp">
      <Filter>Code\Sound</Filter>
    </ClCompile>
    <ClCompile Include="Code\Sound\include\soloud_sdl1_dll.c">
      <Filter>Code\Sound</Filter>
    </ClCompile>
    <ClCompile Include="Code\Sound\include\soloud_sdl2.cpp">
      <Filter>Code\Sound</Filter>
    </ClCompile>
    <ClCompile Include="Code\Sound\include\soloud_sdl2_dll.c">
      <Filter>Code\Sound</Filter>
    </ClCompile>
    <ClCompile Include="Code\Sound\include\soloud_sdl2_static.cpp">
      <Filter>Code\Sound</Filter>
    </ClCompile>
    <ClCompile Include="Code\Sound\include\soloud_wasapi.cpp">
      <Filter>Code\Sound</Filter>
    </ClCompile>
    <ClCompile Include="Code\Sound\include\soloud_winmm.cpp">
      <Filter>Code\Sound</Filter>
    </ClCompile>
    <ClCompile Include="Code\Sound\include\soloud_xaudio2.cpp">
      <Filter>Code\Sound</Filter>
    </ClCompile>
    <ClCompile Include="Code\Sound\include\dr_impl.cpp">
      <Filter>Code\Sound</Filter>
    </ClCompile>
    <ClCompile Include="Code\Sound\include\soloud_wav.cpp">
      <Filter>Code\Sound</Filter>
    </ClCompile>
    <ClCompile Include="Code\Sound\include\soloud_wavstream.cpp">
      <Filter>Code\Sound</Filter>
    </ClCompile>
    <ClCompile Include="Code\Sound\include\stb_vorbis.c">
      <Filter>Code\Sound</Filter>
    </ClCompile>
  </ItemGroup>
  <ItemGroup>
    <ClInclude Include="Code\OPTada_Instance.h">
      <Filter>Code</Filter>
    </ClInclude>
    <ClInclude Include="Code\Render\OPTada_Render.h">
      <Filter>Code\Render</Filter>
    </ClInclude>
    <ClInclude Include="Code\Window\OPTada_Window.h">
      <Filter>Code\Window</Filter>
    </ClInclude>
    <ClInclude Include="Code\Window\OPTada_Window_Settings.h">
      <Filter>Code\Window</Filter>
    </ClInclude>
    <ClInclude Include="Code\Render\OPTada_Render_Settings.h">
      <Filter>Code\Render</Filter>
    </ClInclude>
    <ClInclude Include="Code\Render\ResourceManager\OPTadaC_ResourceManager.h">
      <Filter>Code\Render\ResourceManager</Filter>
    </ClInclude>
    <ClInclude Include="Code\Render\ResourceManager\OPTadaC_ResourceManager_Settings.h">
      <Filter>Code\Render\ResourceManager</Filter>
    </ClInclude>
    <ClInclude Include="Code\Render\ResourceManager\MeshList.h">
      <Filter>Code\Render\ResourceManager\Support</Filter>
    </ClInclude>
    <ClInclude Include="Code\Render\ResourceManager\ConstantBufferList.h">
      <Filter>Code\Render\ResourceManager\Support</Filter>
    </ClInclude>
    <ClInclude Include="Code\Render\ResourceManager\VertexShaderList.h">
      <Filter>Code\Render\ResourceManager\Support</Filter>
    </ClInclude>
    <ClInclude Include="Code\Render\ResourceManager\PixelShaderList.h">
      <Filter>Code\Render\ResourceManager\Support</Filter>
    </ClInclude>
    <ClInclude Include="Code\Render\ResourceManager\TextureList.h">
      <Filter>Code\Render\ResourceManager\Support</Filter>
    </ClInclude>
    <ClInclude Include="Code\Render\ResourceManager\MamoryManager_x64\OPTada_MemoryManager.h">
      <Filter>Code\Render\ResourceManager\MemoryManager</Filter>
    </ClInclude>
    <ClInclude Include="Code\Render\ResourceManager\MamoryManager_x64\OPTada_MemoryManager_Settings.h">
      <Filter>Code\Render\ResourceManager\MemoryManager</Filter>
    </ClInclude>
    <ClInclude Include="Code\Render\ResourceManager\MamoryManager_x64\SupportBuffers\OPTadaC_MultithreadedSimpleMemoryBuffer.h">
      <Filter>Code\Render\ResourceManager\MemoryManager</Filter>
    </ClInclude>
    <ClInclude Include="Code\Render\ResourceManager\MamoryManager_x64\SupportBuffers\OPTadaC_SimpleMemoryBuffer.h">
      <Filter>Code\Render\ResourceManager\MemoryManager</Filter>
    </ClInclude>
    <ClInclude Include="Code\Render\ResourceManager\MamoryManager_x64\SupportBuffers\OPTadaC_TemplateOfMemoryBuffer.h">
      <Filter>Code\Render\ResourceManager\MemoryManager</Filter>
    </ClInclude>
    <ClInclude Include="Code\Render\ResourceManager\MamoryManager_x64\SupportBuffers\OPTadaS_TemplateMemoryBuffer_Element.h">
      <Filter>Code\Render\ResourceManager\MemoryManager</Filter>
    </ClInclude>
    <ClInclude Include="Code\Render\ResourceManager\MamoryManager_x64\SupportBuffers\CellBuffer\OPTadaC_MemoryCells_StaticCyclicBuffer.h">
      <Filter>Code\Render\ResourceManager\MemoryManager</Filter>
    </ClInclude>
    <ClInclude Include="Code\Render\ResourceManager\MamoryManager_x64\SupportBuffers\CellBuffer\OPTadaS_MemoryCell_Element.h">
      <Filter>Code\Render\ResourceManager\MemoryManager</Filter>
    </ClInclude>
    <ClInclude Include="Code\Render\ResourceManager\WICTextureLoader11.h">
      <Filter>Code\Render\ResourceManager\Loader</Filter>
    </ClInclude>
    <ClInclude Include="Code\Render\ResourceManager\OBJ_Loader.h">
      <Filter>Code\Render\ResourceManager\Loader</Filter>
    </ClInclude>
    <ClInclude Include="Code\Input\OPTada_Input.h">
      <Filter>Code\Input</Filter>
    </ClInclude>
    <ClInclude Include="Code\Render\OPTada_ConstantBuffers.h">
      <Filter>Code\Render\ResourceManager</Filter>
    </ClInclude>
    <ClInclude Include="Code\Render\OPTadaS_WorldNavigationData.h">
      <Filter>Code\Render\ResourceManager\GameObjects</Filter>
    </ClInclude>
    <ClInclude Include="Code\Render\OPTadaC_Obj_Camera.h">
      <Filter>Code\Render\ResourceManager\GameObjects</Filter>
    </ClInclude>
    <ClInclude Include="Code\Render\OPTadaC_Obj_Draw.h">
      <Filter>Code\Render\ResourceManager\GameObjects</Filter>
    </ClInclude>
    <ClInclude Include="Code\Render\OPTadaC_Obj_Light.h">
      <Filter>Code\Render\ResourceManager\GameObjects</Filter>
    </ClInclude>
    <ClInclude Include="Code\Physics\q3.h">
      <Filter>Code\Physics</Filter>
    </ClInclude>
    <ClInclude Include="Code\Sound\include\soloud.h">
      <Filter>Code\Sound</Filter>
    </ClInclude>
    <ClInclude Include="Code\Sound\include\soloud_audiosource.h">
      <Filter>Code\Sound</Filter>
    </ClInclude>
    <ClInclude Include="Code\Sound\include\soloud_bassboostfilter.h">
      <Filter>Code\Sound</Filter>
    </ClInclude>
    <ClInclude Include="Code\Sound\include\soloud_biquadresonantfilter.h">
      <Filter>Code\Sound</Filter>
    </ClInclude>
    <ClInclude Include="Code\Sound\include\soloud_bus.h">
      <Filter>Code\Sound</Filter>
    </ClInclude>
    <ClInclude Include="Code\Sound\include\soloud_c.h">
      <Filter>Code\Sound</Filter>
    </ClInclude>
    <ClInclude Include="Code\Sound\include\soloud_dcremovalfilter.h">
      <Filter>Code\Sound</Filter>
    </ClInclude>
    <ClInclude Include="Code\Sound\include\soloud_echofilter.h">
      <Filter>Code\Sound</Filter>
    </ClInclude>
    <ClInclude Include="Code\Sound\include\soloud_error.h">
      <Filter>Code\Sound</Filter>
    </ClInclude>
    <ClInclude Include="Code\Sound\include\soloud_fader.h">
      <Filter>Code\Sound</Filter>
    </ClInclude>
    <ClInclude Include="Code\Sound\include\soloud_fft.h">
      <Filter>Code\Sound</Filter>
    </ClInclude>
    <ClInclude Include="Code\Sound\include\soloud_fftfilter.h">
      <Filter>Code\Sound</Filter>
    </ClInclude>
    <ClInclude Include="Code\Sound\include\soloud_file.h">
      <Filter>Code\Sound</Filter>
    </ClInclude>
    <ClInclude Include="Code\Sound\include\soloud_file_hack_off.h">
      <Filter>Code\Sound</Filter>
    </ClInclude>
    <ClInclude Include="Code\Sound\include\soloud_file_hack_on.h">
      <Filter>Code\Sound</Filter>
    </ClInclude>
    <ClInclude Include="Code\Sound\include\soloud_filter.h">
      <Filter>Code\Sound</Filter>
    </ClInclude>
    <ClInclude Include="Code\Sound\include\soloud_flangerfilter.h">
      <Filter>Code\Sound</Filter>
    </ClInclude>
    <ClInclude Include="Code\Sound\include\soloud_freeverbfilter.h">
      <Filter>Code\Sound</Filter>
    </ClInclude>
    <ClInclude Include="Code\Sound\include\soloud_internal.h">
      <Filter>Code\Sound</Filter>
    </ClInclude>
    <ClInclude Include="Code\Sound\include\soloud_lofifilter.h">
      <Filter>Code\Sound</Filter>
    </ClInclude>
    <ClInclude Include="Code\Sound\include\soloud_misc.h">
      <Filter>Code\Sound</Filter>
    </ClInclude>
    <ClInclude Include="Code\Sound\include\soloud_monotone.h">
      <Filter>Code\Sound</Filter>
    </ClInclude>
    <ClInclude Include="Code\Sound\include\soloud_noise.h">
      <Filter>Code\Sound</Filter>
    </ClInclude>
    <ClInclude Include="Code\Sound\include\soloud_openmpt.h">
      <Filter>Code\Sound</Filter>
    </ClInclude>
    <ClInclude Include="Code\Sound\include\soloud_queue.h">
      <Filter>Code\Sound</Filter>
    </ClInclude>
    <ClInclude Include="Code\Sound\include\soloud_robotizefilter.h">
      <Filter>Code\Sound</Filter>
    </ClInclude>
    <ClInclude Include="Code\Sound\include\soloud_sfxr.h">
      <Filter>Code\Sound</Filter>
    </ClInclude>
    <ClInclude Include="Code\Sound\include\soloud_speech.h">
      <Filter>Code\Sound</Filter>
    </ClInclude>
    <ClInclude Include="Code\Sound\include\soloud_tedsid.h">
      <Filter>Code\Sound</Filter>
    </ClInclude>
    <ClInclude Include="Code\Sound\include\soloud_thread.h">
      <Filter>Code\Sound</Filter>
    </ClInclude>
    <ClInclude Include="Code\Sound\include\soloud_vic.h">
      <Filter>Code\Sound</Filter>
    </ClInclude>
    <ClInclude Include="Code\Sound\include\soloud_vizsn.h">
      <Filter>Code\Sound</Filter>
    </ClInclude>
    <ClInclude Include="Code\Sound\include\soloud_wav.h">
      <Filter>Code\Sound</Filter>
    </ClInclude>
    <ClInclude Include="Code\Sound\include\soloud_waveshaperfilter.h">
      <Filter>Code\Sound</Filter>
    </ClInclude>
    <ClInclude Include="Code\Sound\include\soloud_wavstream.h">
      <Filter>Code\Sound</Filter>
    </ClInclude>
    <ClInclude Include="Code\Sound\include\miniaudio.h">
      <Filter>Code\Sound</Filter>
    </ClInclude>
    <ClInclude Include="Code\Sound\include\dr_flac.h">
      <Filter>Code\Sound</Filter>
    </ClInclude>
    <ClInclude Include="Code\Sound\include\dr_mp3.h">
      <Filter>Code\Sound</Filter>
    </ClInclude>
    <ClInclude Include="Code\Sound\include\dr_wav.h">
      <Filter>Code\Sound</Filter>
    </ClInclude>
    <ClInclude Include="Code\Sound\include\stb_vorbis.h">
      <Filter>Code\Sound</Filter>
    </ClInclude>
    <ClInclude Include="Code\Render\OPTadaC_ShadowClass.h">
      <Filter>Code\Render</Filter>
    </ClInclude>
    <ClInclude Include="Code\Game_Level.h">
      <Filter>Code\Game</Filter>
    </ClInclude>
    <ClInclude Include="Code\TheGame.h">
      <Filter>Code\Game</Filter>
    </ClInclude>
    <ClInclude Include="Code\OPTadaC_GO_Template.h">
      <Filter>Code\Game</Filter>
    </ClInclude>
    <ClInclude Include="Code\OPTadaC_GO_Factory.h">
      <Filter>Code\Game</Filter>
    </ClInclude>
    <ClInclude Include="Code\OPTadaS_Chunk.h">
      <Filter>Code\Game</Filter>
    </ClInclude>
  </ItemGroup>
  <ItemGroup>
    <FxCompile Include="Shaders\PS_Color.hlsl">
      <Filter>Shaders</Filter>
    </FxCompile>
    <FxCompile Include="Shaders\VS_Color.hlsl">
      <Filter>Shaders</Filter>
    </FxCompile>
    <FxCompile Include="Shaders\PS_Shadow.hlsl">
      <Filter>Shaders</Filter>
    </FxCompile>
    <FxCompile Include="Shaders\VS_Shadow.hlsl">
      <Filter>Shaders</Filter>
    </FxCompile>
  </ItemGroup>
</Project>